
Microsoft Visual Studio Solution File, Format Version 12.00
# Visual Studio 15
VisualStudioVersion = 15.0.28010.2048
MinimumVisualStudioVersion = 10.0.40219.1
Project("{FAE04EC0-301F-11D3-BF4B-00C04F79EFBC}") = "TyperAPI", "TyperAPI\TyperAPI.csproj", "{ABC4C6FA-327F-4B2B-B869-1F364B581986}"
EndProject
Project("{FAE04EC0-301F-11D3-BF4B-00C04F79EFBC}") = "TyperAPI.DAL", "TyperAPI.DAL\TyperAPI.DAL.csproj", "{E85DE4BA-5FC9-4DA7-A14E-BDFA4059583B}"
EndProject
Project("{FAE04EC0-301F-11D3-BF4B-00C04F79EFBC}") = "TyperAPI.BL", "TyperAPI.BL\TyperAPI.BL.csproj", "{062FC47D-1D9A-4C51-A02E-A3EDB1F6B0E4}"
EndProject
Project("{FAE04EC0-301F-11D3-BF4B-00C04F79EFBC}") = "TyperAPI.Shared", "TyperAPI.Shared\TyperAPI.Shared.csproj", "{A551669B-A4F9-4A9A-9738-270AFAEAD7FD}"
EndProject
Global
	GlobalSection(SolutionConfigurationPlatforms) = preSolution
		Debug|Any CPU = Debug|Any CPU
		Release|Any CPU = Release|Any CPU
	EndGlobalSection
	GlobalSection(ProjectConfigurationPlatforms) = postSolution
		{ABC4C6FA-327F-4B2B-B869-1F364B581986}.Debug|Any CPU.ActiveCfg = Debug|Any CPU
		{ABC4C6FA-327F-4B2B-B869-1F364B581986}.Debug|Any CPU.Build.0 = Debug|Any CPU
		{ABC4C6FA-327F-4B2B-B869-1F364B581986}.Release|Any CPU.ActiveCfg = Release|Any CPU
		{ABC4C6FA-327F-4B2B-B869-1F364B581986}.Release|Any CPU.Build.0 = Release|Any CPU
		{E85DE4BA-5FC9-4DA7-A14E-BDFA4059583B}.Debug|Any CPU.ActiveCfg = Debug|Any CPU
		{E85DE4BA-5FC9-4DA7-A14E-BDFA4059583B}.Debug|Any CPU.Build.0 = Debug|Any CPU
		{E85DE4BA-5FC9-4DA7-A14E-BDFA4059583B}.Release|Any CPU.ActiveCfg = Release|Any CPU
		{E85DE4BA-5FC9-4DA7-A14E-BDFA4059583B}.Release|Any CPU.Build.0 = Release|Any CPU
		{062FC47D-1D9A-4C51-A02E-A3EDB1F6B0E4}.Debug|Any CPU.ActiveCfg = Debug|Any CPU
		{062FC47D-1D9A-4C51-A02E-A3EDB1F6B0E4}.Debug|Any CPU.Build.0 = Debug|Any CPU
		{062FC47D-1D9A-4C51-A02E-A3EDB1F6B0E4}.Release|Any CPU.ActiveCfg = Release|Any CPU
		{062FC47D-1D9A-4C51-A02E-A3EDB1F6B0E4}.Release|Any CPU.Build.0 = Release|Any CPU
		{A551669B-A4F9-4A9A-9738-270AFAEAD7FD}.Debug|Any CPU.ActiveCfg = Debug|Any CPU
		{A551669B-A4F9-4A9A-9738-270AFAEAD7FD}.Debug|Any CPU.Build.0 = Debug|Any CPU
		{A551669B-A4F9-4A9A-9738-270AFAEAD7FD}.Release|Any CPU.ActiveCfg = Release|Any CPU
		{A551669B-A4F9-4A9A-9738-270AFAEAD7FD}.Release|Any CPU.Build.0 = Release|Any CPU
	EndGlobalSection
	GlobalSection(SolutionProperties) = preSolution
		HideSolutionNode = FALSE
	EndGlobalSection
	GlobalSection(ExtensibilityGlobals) = postSolution
		SolutionGuid = {6EB4AD88-16EA-4B6F-B0C3-1221DEE1E99E}
	EndGlobalSection
EndGlobal
